
Microsoft Visual Studio Solution File, Format Version 12.00
# Visual Studio Version 17
VisualStudioVersion = 17.7.34202.233
MinimumVisualStudioVersion = 10.0.40219.1
Project("{9A19103F-16F7-4668-BE54-9A1E7A4F7556}") = "KushalBlogWebApp", "KushalBlogWebApp\KushalBlogWebApp.csproj", "{69D20AAF-40BC-4C79-A5A9-5D4952EAA897}"
EndProject
Project("{FAE04EC0-301F-11D3-BF4B-00C04F79EFBC}") = "KushalBlogWebApp.Data", "KushalBlogWebApp.Data\KushalBlogWebApp.Data.csproj", "{3793D84D-84EB-416A-A409-5E98E09C3126}"
EndProject
Global
	GlobalSection(SolutionConfigurationPlatforms) = preSolution
		Debug|Any CPU = Debug|Any CPU
		Release|Any CPU = Release|Any CPU
	EndGlobalSection
	GlobalSection(ProjectConfigurationPlatforms) = postSolution
		{69D20AAF-40BC-4C79-A5A9-5D4952EAA897}.Debug|Any CPU.ActiveCfg = Debug|Any CPU
		{69D20AAF-40BC-4C79-A5A9-5D4952EAA897}.Debug|Any CPU.Build.0 = Debug|Any CPU
		{69D20AAF-40BC-4C79-A5A9-5D4952EAA897}.Release|Any CPU.ActiveCfg = Release|Any CPU
		{69D20AAF-40BC-4C79-A5A9-5D4952EAA897}.Release|Any CPU.Build.0 = Release|Any CPU
		{3793D84D-84EB-416A-A409-5E98E09C3126}.Debug|Any CPU.ActiveCfg = Debug|Any CPU
		{3793D84D-84EB-416A-A409-5E98E09C3126}.Debug|Any CPU.Build.0 = Debug|Any CPU
		{3793D84D-84EB-416A-A409-5E98E09C3126}.Release|Any CPU.ActiveCfg = Release|Any CPU
		{3793D84D-84EB-416A-A409-5E98E09C3126}.Release|Any CPU.Build.0 = Release|Any CPU
	EndGlobalSection
	GlobalSection(SolutionProperties) = preSolution
		HideSolutionNode = FALSE
	EndGlobalSection
	GlobalSection(ExtensibilityGlobals) = postSolution
		SolutionGuid = {311A52F6-4D0B-41ED-AF88-5C6FC45C90F6}
	EndGlobalSection
EndGlobal
